{
  "version": 4,
  "terraform_version": "0.13.0",
  "serial": 36,
  "lineage": "298708ea-019a-3436-70fa-f13c9cb6c230",
  "outputs": {},
  "resources": [
    {
      "mode": "data",
      "type": "aws_iam_policy_document",
      "name": "instance-assume-role-policy",
      "provider": "provider[\"registry.terraform.io/hashicorp/aws\"]",
      "instances": [
        {
          "schema_version": 0,
          "attributes": {
            "id": "3693445097",
            "json": "{\n  \"Version\": \"2012-10-17\",\n  \"Statement\": [\n    {\n      \"Sid\": \"\",\n      \"Effect\": \"Allow\",\n      \"Action\": \"sts:AssumeRole\",\n      \"Principal\": {\n        \"Service\": \"lambda.amazonaws.com\"\n      }\n    }\n  ]\n}",
            "override_json": null,
            "policy_id": null,
            "source_json": null,
            "statement": [
              {
                "actions": [
                  "sts:AssumeRole"
                ],
                "condition": [],
                "effect": "Allow",
                "not_actions": [],
                "not_principals": [],
                "not_resources": [],
                "principals": [
                  {
                    "identifiers": [
                      "lambda.amazonaws.com"
                    ],
                    "type": "Service"
                  }
                ],
                "resources": [],
                "sid": ""
              }
            ],
            "version": "2012-10-17"
          }
        }
      ]
    },
    {
      "mode": "data",
      "type": "aws_iam_policy_document",
      "name": "unzip_lambda_role_policy",
      "provider": "provider[\"registry.terraform.io/hashicorp/aws\"]",
      "instances": [
        {
          "schema_version": 0,
          "attributes": {
            "id": "478089338",
            "json": "{\n  \"Version\": \"2012-10-17\",\n  \"Statement\": [\n    {\n      \"Sid\": \"\",\n      \"Effect\": \"Allow\",\n      \"Action\": [\n        \"s3:PutObject\",\n        \"s3:GetObject\",\n        \"s3:DeleteObject\"\n      ],\n      \"Resource\": \"arn:aws:s3:::b12-organization-image*\"\n    }\n  ]\n}",
            "override_json": null,
            "policy_id": null,
            "source_json": null,
            "statement": [
              {
                "actions": [
                  "s3:DeleteObject",
                  "s3:GetObject",
                  "s3:PutObject"
                ],
                "condition": [],
                "effect": "Allow",
                "not_actions": [],
                "not_principals": [],
                "not_resources": [],
                "principals": [],
                "resources": [
                  "arn:aws:s3:::b12-organization-image*"
                ],
                "sid": ""
              }
            ],
            "version": "2012-10-17"
          }
        }
      ]
    },
    {
      "mode": "data",
      "type": "aws_s3_bucket",
      "name": "target_bucket",
      "provider": "provider[\"registry.terraform.io/hashicorp/aws\"]",
      "instances": [
        {
          "schema_version": 0,
          "attributes": {
            "arn": "arn:aws:s3:::b12-organization-image",
            "bucket": "b12-organization-image",
            "bucket_domain_name": "b12-organization-image.s3.amazonaws.com",
            "bucket_regional_domain_name": "b12-organization-image.s3.ca-central-1.amazonaws.com",
            "hosted_zone_id": "Z1QDHH18159H29",
            "id": "b12-organization-image",
            "region": "ca-central-1",
            "website_domain": null,
            "website_endpoint": null
          }
        }
      ]
    },
    {
      "mode": "managed",
      "type": "aws_iam_role",
      "name": "unzip_lambda_exec_role",
      "provider": "provider[\"registry.terraform.io/hashicorp/aws\"]",
      "instances": [
        {
          "schema_version": 0,
          "attributes": {
            "arn": "arn:aws:iam::114061334642:role/unzip_lambda_exec",
            "assume_role_policy": "{\"Version\":\"2012-10-17\",\"Statement\":[{\"Sid\":\"\",\"Effect\":\"Allow\",\"Principal\":{\"Service\":\"lambda.amazonaws.com\"},\"Action\":\"sts:AssumeRole\"}]}",
            "create_date": "2020-08-19T21:17:07Z",
            "description": "Allows Lambda Function to call AWS services on your behalf.",
            "force_detach_policies": false,
            "id": "unzip_lambda_exec",
            "max_session_duration": 3600,
            "name": "unzip_lambda_exec",
            "name_prefix": null,
            "path": "/",
            "permissions_boundary": null,
            "tags": {},
            "unique_id": "AROARVDUV3BZN5QXJUC24"
          },
          "private": "bnVsbA==",
          "dependencies": [
            "data.aws_iam_policy_document.instance-assume-role-policy"
          ]
        }
      ]
    },
    {
      "mode": "managed",
      "type": "aws_iam_role_policy",
      "name": "unzip_lambda_exec_role_policy",
      "provider": "provider[\"registry.terraform.io/hashicorp/aws\"]",
      "instances": [
        {
          "schema_version": 0,
          "attributes": {
            "id": "unzip_lambda_exec:terraform-20200819211707893100000001",
            "name": "terraform-20200819211707893100000001",
            "name_prefix": null,
            "policy": "{\n  \"Version\": \"2012-10-17\",\n  \"Statement\": [\n    {\n      \"Sid\": \"\",\n      \"Effect\": \"Allow\",\n      \"Action\": [\n        \"s3:PutObject\",\n        \"s3:GetObject\",\n        \"s3:DeleteObject\"\n      ],\n      \"Resource\": \"arn:aws:s3:::b12-organization-image*\"\n    }\n  ]\n}",
            "role": "unzip_lambda_exec"
          },
          "private": "bnVsbA==",
          "dependencies": [
            "aws_iam_role.unzip_lambda_exec_role",
            "data.aws_iam_policy_document.instance-assume-role-policy",
            "data.aws_iam_policy_document.unzip_lambda_role_policy"
          ]
        }
      ]
    },
    {
      "mode": "managed",
      "type": "aws_lambda_function",
      "name": "unzip_lambda_lambda_function",
      "provider": "provider[\"registry.terraform.io/hashicorp/aws\"]",
      "instances": [
        {
          "schema_version": 0,
          "attributes": {
            "arn": "arn:aws:lambda:ca-central-1:114061334642:function:unzip_lambda",
            "dead_letter_config": [],
            "description": "",
            "environment": [
              {
                "variables": {
                  "aws_region": "ca-central-1"
                }
              }
            ],
            "file_system_config": [],
            "filename": "unzip_lambda.zip",
            "function_name": "unzip_lambda",
            "handler": "unzip_lambda.lambda_handler",
            "id": "unzip_lambda",
            "invoke_arn": "arn:aws:apigateway:ca-central-1:lambda:path/2015-03-31/functions/arn:aws:lambda:ca-central-1:114061334642:function:unzip_lambda/invocations",
            "kms_key_arn": "",
            "last_modified": "2020-08-20T17:06:18.830+0000",
            "layers": [],
            "memory_size": 128,
            "publish": false,
            "qualified_arn": "arn:aws:lambda:ca-central-1:114061334642:function:unzip_lambda:$LATEST",
            "reserved_concurrent_executions": -1,
            "role": "arn:aws:iam::114061334642:role/unzip_lambda_exec",
            "runtime": "python3.6",
            "s3_bucket": null,
            "s3_key": null,
            "s3_object_version": null,
            "source_code_hash": "SUCgUFBNNaZlipLDEKm73p5SCVoLlqJy/9QpUJ3o0w4=",
            "source_code_size": 838,
            "tags": {},
            "timeout": 900,
            "timeouts": null,
            "tracing_config": [
              {
                "mode": "PassThrough"
              }
            ],
            "version": "$LATEST",
            "vpc_config": []
          },
          "private": "eyJlMmJmYjczMC1lY2FhLTExZTYtOGY4OC0zNDM2M2JjN2M0YzAiOnsiY3JlYXRlIjo2MDAwMDAwMDAwMDB9fQ==",
          "dependencies": [
            "aws_iam_role.unzip_lambda_exec_role"
          ]
        }
      ]
    },
    {
      "mode": "managed",
      "type": "aws_lambda_permission",
      "name": "allow_bucket",
      "provider": "provider[\"registry.terraform.io/hashicorp/aws\"]",
      "instances": [
        {
          "schema_version": 0,
          "attributes": {
            "action": "lambda:InvokeFunction",
            "event_source_token": null,
            "function_name": "arn:aws:lambda:ca-central-1:114061334642:function:unzip_lambda",
            "id": "AllowExecutionFromS3Bucket",
            "principal": "s3.amazonaws.com",
            "qualifier": "",
            "source_account": null,
            "source_arn": "arn:aws:s3:::b12-organization-image",
            "statement_id": "AllowExecutionFromS3Bucket",
            "statement_id_prefix": null
          },
          "private": "bnVsbA==",
          "dependencies": [
            "aws_iam_role.unzip_lambda_exec_role",
            "aws_lambda_function.unzip_lambda_lambda_function",
            "data.aws_iam_policy_document.instance-assume-role-policy",
            "data.aws_s3_bucket.target_bucket"
          ]
        }
      ]
    },
    {
      "mode": "managed",
      "type": "aws_s3_bucket_notification",
      "name": "bucket_notification",
      "provider": "provider[\"registry.terraform.io/hashicorp/aws\"]",
      "instances": [
        {
          "schema_version": 0,
          "attributes": {
            "bucket": "b12-organization-image",
            "id": "b12-organization-image",
            "lambda_function": [
              {
                "events": [
                  "s3:ObjectCreated:*"
                ],
                "filter_prefix": "",
                "filter_suffix": ".zip",
                "id": "tf-s3-lambda-20200820162346325400000001",
                "lambda_function_arn": "arn:aws:lambda:ca-central-1:114061334642:function:unzip_lambda"
              }
            ],
            "queue": [],
            "topic": []
          },
          "private": "bnVsbA==",
          "dependencies": [
            "aws_iam_role.unzip_lambda_exec_role",
            "aws_lambda_function.unzip_lambda_lambda_function"
          ]
        }
      ]
    }
  ]
}
